// !$*UTF8*$!
{
	archiveVersion = 1;
	classes = {
	};
	objectVersion = 77;
	objects = {

/* Begin PBXBuildFile section */
		0AD53C952F224C4900CDD5E4 /* FirebaseAnalytics in Frameworks */ = {isa = PBXBuildFile; productRef = 0AD53C942F224C4900CDD5E4 /* FirebaseAnalytics */; };
		0AD53C9A2F224DEB00CDD5E4 /* FirebaseFirestore in Frameworks */ = {isa = PBXBuildFile; productRef = 0AD53C992F224DEB00CDD5E4 /* FirebaseFirestore */; };
/* End PBXBuildFile section */

/* Begin PBXContainerItemProxy section */
		0AD53C482F22464000CDD5E4 /* PBXContainerItemProxy */ = {
			isa = PBXContainerItemProxy;
			containerPortal = 0AD53C322F22463F00CDD5E4 /* Project object */;
			proxyType = 1;
			remoteGlobalIDString = 0AD53C392F22463F00CDD5E4;
			remoteInfo = "DLS Lavagens";
		};
		0AD53C522F22464000CDD5E4 /* PBXContainerItemProxy */ = {
			isa = PBXContainerItemProxy;
			containerPortal = 0AD53C322F22463F00CDD5E4 /* Project object */;
			proxyType = 1;
			remoteGlobalIDString = 0AD53C392F22463F00CDD5E4;
			remoteInfo = "DLS Lavagens";
		};
/* End PBXContainerItemProxy section */

/* Begin PBXFileReference section */
		0AD53C3A2F22463F00CDD5E4 /* DLS Lavagens.app */ = {isa = PBXFileReference; explicitFileType = wrapper.application; includeInIndex = 0; path = "DLS Lavagens.app"; sourceTree = BUILT_PRODUCTS_DIR; };
		0AD53C472F22464000CDD5E4 /* DLS LavagensTests.xctest */ = {isa = PBXFileReference; explicitFileType = wrapper.cfbundle; includeInIndex = 0; path = "DLS LavagensTests.xctest"; sourceTree = BUILT_PRODUCTS_DIR; };
		0AD53C512F22464000CDD5E4 /* DLS LavagensUITests.xctest */ = {isa = PBXFileReference; explicitFileType = wrapper.cfbundle; includeInIndex = 0; path = "DLS LavagensUITests.xctest"; sourceTree = BUILT_PRODUCTS_DIR; };
/* End PBXFileReference section */

/* Begin PBXFileSystemSynchronizedRootGroup section */
		0AD53C3C2F22463F00CDD5E4 /* DLS Lavagens */ = {
			isa = PBXFileSystemSynchronizedRootGroup;
			path = "DLS Lavagens";
			sourceTree = "<group>";
		};
		0AD53C4A2F22464000CDD5E4 /* DLS LavagensTests */ = {
			isa = PBXFileSystemSynchronizedRootGroup;
			path = "DLS LavagensTests";
			sourceTree = "<group>";
		};
		0AD53C542F22464000CDD5E4 /* DLS LavagensUITests */ = {
			isa = PBXFileSystemSynchronizedRootGroup;
			path = "DLS LavagensUITests";
			sourceTree = "<group>";
		};
/* End PBXFileSystemSynchronizedRootGroup section */

/* Begin PBXFrameworksBuildPhase section */
		0AD53C372F22463F00CDD5E4 /* Frameworks */ = {
			isa = PBXFrameworksBuildPhase;
			buildActionMask = 2147483647;
			files = (
				0AD53C952F224C4900CDD5E4 /* FirebaseAnalytics in Frameworks */,
				0AD53C9A2F224DEB00CDD5E4 /* FirebaseFirestore in Frameworks */,
			);
			runOnlyForDeploymentPostprocessing = 0;
		};
		0AD53C442F22464000CDD5E4 /* Frameworks */ = {
			isa = PBXFrameworksBuildPhase;
			buildActionMask = 2147483647;
			files = (
			);
			runOnlyForDeploymentPostprocessing = 0;
		};
		0AD53C4E2F22464000CDD5E4 /* Frameworks */ = {
			isa = PBXFrameworksBuildPhase;
			buildActionMask = 2147483647;
			files = (
			);
			runOnlyForDeploymentPostprocessing = 0;
		};
/* End PBXFrameworksBuildPhase section */

/* Begin PBXGroup section */
		0AD53C312F22463F00CDD5E4 = {
			isa = PBXGroup;
			children = (
				0AD53C3C2F22463F00CDD5E4 /* DLS Lavagens */,
				0AD53C4A2F22464000CDD5E4 /* DLS LavagensTests */,
				0AD53C542F22464000CDD5E4 /* DLS LavagensUITests */,
				0AD53C982F224DEB00CDD5E4 /* Frameworks */,
				0AD53C3B2F22463F00CDD5E4 /* Products */,
			);
			sourceTree = "<group>";
		};
		0AD53C3B2F22463F00CDD5E4 /* Products */ = {
			isa = PBXGroup;
			children = (
				0AD53C3A2F22463F00CDD5E4 /* DLS Lavagens.app */,
				0AD53C472F22464000CDD5E4 /* DLS LavagensTests.xctest */,
				0AD53C512F22464000CDD5E4 /* DLS LavagensUITests.xctest */,
			);
			name = Products;
			sourceTree = "<group>";
		};
		0AD53C982F224DEB00CDD5E4 /* Frameworks */ = {
			isa = PBXGroup;
			children = (
			);
			name = Frameworks;
			sourceTree = "<group>";
		};
/* End PBXGroup section */

/* Begin PBXNativeTarget section */
		0AD53C392F22463F00CDD5E4 /* DLS Lavagens */ = {
			isa = PBXNativeTarget;
			buildConfigurationList = 0AD53C5B2F22464000CDD5E4 /* Build configuration list for PBXNativeTarget "DLS Lavagens" */;
			buildPhases = (
				0AD53C362F22463F00CDD5E4 /* Sources */,
				0AD53C372F22463F00CDD5E4 /* Frameworks */,
				0AD53C382F22463F00CDD5E4 /* Resources */,
			);
			buildRules = (
			);
			dependencies = (
			);
			fileSystemSynchronizedGroups = (
				0AD53C3C2F22463F00CDD5E4 /* DLS Lavagens */,
			);
			name = "DLS Lavagens";
			packageProductDependencies = (
				0AD53C942F224C4900CDD5E4 /* FirebaseAnalytics */,
				0AD53C992F224DEB00CDD5E4 /* FirebaseFirestore */,
			);
			productName = "DLS Lavagens";
			productReference = 0AD53C3A2F22463F00CDD5E4 /* DLS Lavagens.app */;
			productType = "com.apple.product-type.application";
		};
		0AD53C462F22464000CDD5E4 /* DLS LavagensTests */ = {
			isa = PBXNativeTarget;
			buildConfigurationList = 0AD53C5E2F22464000CDD5E4 /* Build configuration list for PBXNativeTarget "DLS LavagensTests" */;
			buildPhases = (
				0AD53C432F22464000CDD5E4 /* Sources */,
				0AD53C442F22464000CDD5E4 /* Frameworks */,
				0AD53C452F22464000CDD5E4 /* Resources */,
			);
			buildRules = (
			);
			dependencies = (
				0AD53C492F22464000CDD5E4 /* PBXTargetDependency */,
			);
			fileSystemSynchronizedGroups = (
				0AD53C4A2F22464000CDD5E4 /* DLS LavagensTests */,
			);
			name = "DLS LavagensTests";
			packageProductDependencies = (
			);
			productName = "DLS LavagensTests";
			productReference = 0AD53C472F22464000CDD5E4 /* DLS LavagensTests.xctest */;
			productType = "com.apple.product-type.bundle.unit-test";
		};
		0AD53C502F22464000CDD5E4 /* DLS LavagensUITests */ = {
			isa = PBXNativeTarget;
			buildConfigurationList = 0AD53C612F22464000CDD5E4 /* Build configuration list for PBXNativeTarget "DLS LavagensUITests" */;
			buildPhases = (
				0AD53C4D2F22464000CDD5E4 /* Sources */,
				0AD53C4E2F22464000CDD5E4 /* Frameworks */,
				0AD53C4F2F22464000CDD5E4 /* Resources */,
			);
			buildRules = (
			);
			dependencies = (
				0AD53C532F22464000CDD5E4 /* PBXTargetDependency */,
			);
			fileSystemSynchronizedGroups = (
				0AD53C542F22464000CDD5E4 /* DLS LavagensUITests */,
			);
			name = "DLS LavagensUITests";
			packageProductDependencies = (
			);
			productName = "DLS LavagensUITests";
			productReference = 0AD53C512F22464000CDD5E4 /* DLS LavagensUITests.xctest */;
			productType = "com.apple.product-type.bundle.ui-testing";
		};
/* End PBXNativeTarget section */

/* Begin PBXProject section */
		0AD53C322F22463F00CDD5E4 /* Project object */ = {
			isa = PBXProject;
			attributes = {
				BuildIndependentTargetsInParallel = 1;
				LastSwiftUpdateCheck = 2600;
				LastUpgradeCheck = 2600;
				TargetAttributes = {
					0AD53C392F22463F00CDD5E4 = {
						CreatedOnToolsVersion = 26.0.1;
						LastSwiftMigration = 2600;
					};
					0AD53C462F22464000CDD5E4 = {
						CreatedOnToolsVersion = 26.0.1;
						TestTargetID = 0AD53C392F22463F00CDD5E4;
					};
					0AD53C502F22464000CDD5E4 = {
						CreatedOnToolsVersion = 26.0.1;
						TestTargetID = 0AD53C392F22463F00CDD5E4;
					};
				};
			};
			buildConfigurationList = 0AD53C352F22463F00CDD5E4 /* Build configuration list for PBXProject "DLS Lavagens" */;
			developmentRegion = en;
			hasScannedForEncodings = 0;
			knownRegions = (
				en,
				Base,
			);
			mainGroup = 0AD53C312F22463F00CDD5E4;
			minimizedProjectReferenceProxies = 1;
			packageReferences = (
				0AD53C932F224C4900CDD5E4 /* XCRemoteSwiftPackageReference "firebase-ios-sdk" */,
			);
			preferredProjectObjectVersion = 77;
			productRefGroup = 0AD53C3B2F22463F00CDD5E4 /* Products */;
			projectDirPath = "";
			projectRoot = "";
			targets = (
				0AD53C392F22463F00CDD5E4 /* DLS Lavagens */,
				0AD53C462F22464000CDD5E4 /* DLS LavagensTests */,
				0AD53C502F22464000CDD5E4 /* DLS LavagensUITests */,
			);
		};
/* End PBXProject section */

/* Begin PBXResourcesBuildPhase section */
		0AD53C382F22463F00CDD5E4 /* Resources */ = {
			isa = PBXResourcesBuildPhase;
			buildActionMask = 2147483647;
			files = (
			);
			runOnlyForDeploymentPostprocessing = 0;
		};
		0AD53C452F22464000CDD5E4 /* Resources */ = {
			isa = PBXResourcesBuildPhase;
			buildActionMask = 2147483647;
			files = (
			);
			runOnlyForDeploymentPostprocessing = 0;
		};
		0AD53C4F2F22464000CDD5E4 /* Resources */ = {
			isa = PBXResourcesBuildPhase;
			buildActionMask = 2147483647;
			files = (
			);
			runOnlyForDeploymentPostprocessing = 0;
		};
/* End PBXResourcesBuildPhase section */

/* Begin PBXSourcesBuildPhase section */
		0AD53C362F22463F00CDD5E4 /* Sources */ = {
			isa = PBXSourcesBuildPhase;
			buildActionMask = 2147483647;
			files = (
			);
			runOnlyForDeploymentPostprocessing = 0;
		};
		0AD53C432F22464000CDD5E4 /* Sources */ = {
			isa = PBXSourcesBuildPhase;
			buildActionMask = 2147483647;
			files = (
			);
			runOnlyForDeploymentPostprocessing = 0;
		};
		0AD53C4D2F22464000CDD5E4 /* Sources */ = {
			isa = PBXSourcesBuildPhase;
			buildActionMask = 2147483647;
			files = (
			);
			runOnlyForDeploymentPostprocessing = 0;
		};
/* End PBXSourcesBuildPhase section */

/* Begin PBXTargetDependency section */
		0AD53C492F22464000CDD5E4 /* PBXTargetDependency */ = {
			isa = PBXTargetDependency;
			target = 0AD53C392F22463F00CDD5E4 /* DLS Lavagens */;
			targetProxy = 0AD53C482F22464000CDD5E4 /* PBXContainerItemProxy */;
		};
		0AD53C532F22464000CDD5E4 /* PBXTargetDependency */ = {
			isa = PBXTargetDependency;
			target = 0AD53C392F22463F00CDD5E4 /* DLS Lavagens */;
			targetProxy = 0AD53C522F22464000CDD5E4 /* PBXContainerItemProxy */;
		};
/* End PBXTargetDependency section */

/* Begin XCBuildConfiguration section */
		0AD53C592F22464000CDD5E4 /* Debug */ = {
			isa = XCBuildConfiguration;
			buildSettings = {
				ALWAYS_SEARCH_USER_PATHS = NO;
				ASSETCATALOG_COMPILER_GENERATE_SWIFT_ASSET_SYMBOL_EXTENSIONS = YES;
				CLANG_ANALYZER_NONNULL = YES;
				CLANG_ANALYZER_NUMBER_OBJECT_CONVERSION = YES_AGGRESSIVE;
				CLANG_CXX_LANGUAGE_STANDARD = "gnu++20";
				CLANG_ENABLE_MODULES = YES;
				CLANG_ENABLE_OBJC_ARC = YES;
				CLANG_ENABLE_OBJC_WEAK = YES;
				CLANG_WARN_BLOCK_CAPTURE_AUTORELEASING = YES;
				CLANG_WARN_BOOL_CONVERSION = YES;
				CLANG_WARN_COMMA = YES;
				CLANG_WARN_CONSTANT_CONVERSION = YES;
				CLANG_WARN_DEPRECATED_OBJC_IMPLEMENTATIONS = YES;
				CLANG_WARN_DIRECT_OBJC_ISA_USAGE = YES_ERROR;
				CLANG_WARN_DOCUMENTATION_COMMENTS = YES;
				CLANG_WARN_EMPTY_BODY = YES;
				CLANG_WARN_ENUM_CONVERSION = YES;
				CLANG_WARN_INFINITE_RECURSION = YES;
				CLANG_WARN_INT_CONVERSION = YES;
				CLANG_WARN_NON_LITERAL_NULL_CONVERSION = YES;
				CLANG_WARN_OBJC_IMPLICIT_RETAIN_SELF = YES;
				CLANG_WARN_OBJC_LITERAL_CONVERSION = YES;
				CLANG_WARN_OBJC_ROOT_CLASS = YES_ERROR;
				CLANG_WARN_QUOTED_INCLUDE_IN_FRAMEWORK_HEADER = YES;
				CLANG_WARN_RANGE_LOOP_ANALYSIS = YES;
				CLANG_WARN_STRICT_PROTOTYPES = YES;
				CLANG_WARN_SUSPICIOUS_MOVE = YES;
				CLANG_WARN_UNGUARDED_AVAILABILITY = YES_AGGRESSIVE;
				CLANG_WARN_UNREACHABLE_CODE = YES;
				CLANG_WARN__DUPLICATE_METHOD_MATCH = YES;
				COPY_PHASE_STRIP = NO;
				DEBUG_INFORMATION_FORMAT = dwarf;
				DEVELOPMENT_TEAM = LR38K7HG8W;
				ENABLE_STRICT_OBJC_MSGSEND = YES;
				ENABLE_TESTABILITY = YES;
				ENABLE_USER_SCRIPT_SANDBOXING = YES;
				GCC_C_LANGUAGE_STANDARD = gnu17;
				GCC_DYNAMIC_NO_PIC = NO;
				GCC_NO_COMMON_BLOCKS = YES;
				GCC_OPTIMIZATION_LEVEL = 0;
				GCC_PREPROCESSOR_DEFINITIONS = (
					"DEBUG=1",
					"$(inherited)",
				);
				GCC_WARN_64_TO_32_BIT_CONVERSION = YES;
				GCC_WARN_ABOUT_RETURN_TYPE = YES_ERROR;
				GCC_WARN_UNDECLARED_SELECTOR = YES;
				GCC_WARN_UNINITIALIZED_AUTOS = YES_AGGRESSIVE;
				GCC_WARN_UNUSED_FUNCTION = YES;
				GCC_WARN_UNUSED_VARIABLE = YES;
				IPHONEOS_DEPLOYMENT_TARGET = 26.0;
				LOCALIZATION_PREFERS_STRING_CATALOGS = YES;
				MTL_ENABLE_DEBUG_INFO = INCLUDE_SOURCE;
				MTL_FAST_MATH = YES;
				ONLY_ACTIVE_ARCH = YES;
				SDKROOT = iphoneos;
				SWIFT_ACTIVE_COMPILATION_CONDITIONS = "DEBUG $(inherited)";
				SWIFT_OPTIMIZATION_LEVEL = "-Onone";
			};
			name = Debug;
		};
		0AD53C5A2F22464000CDD5E4 /* Release */ = {
			isa = XCBuildConfiguration;
			buildSettings = {
				ALWAYS_SEARCH_USER_PATHS = NO;
				ASSETCATALOG_COMPILER_GENERATE_SWIFT_ASSET_SYMBOL_EXTENSIONS = YES;
				CLANG_ANALYZER_NONNULL = YES;
				CLANG_ANALYZER_NUMBER_OBJECT_CONVERSION = YES_AGGRESSIVE;
				CLANG_CXX_LANGUAGE_STANDARD = "gnu++20";
				CLANG_ENABLE_MODULES = YES;
				CLANG_ENABLE_OBJC_ARC = YES;
				CLANG_ENABLE_OBJC_WEAK = YES;
				CLANG_WARN_BLOCK_CAPTURE_AUTORELEASING = YES;
				CLANG_WARN_BOOL_CONVERSION = YES;
				CLANG_WARN_COMMA = YES;
				CLANG_WARN_CONSTANT_CONVERSION = YES;
				CLANG_WARN_DEPRECATED_OBJC_IMPLEMENTATIONS = YES;
				CLANG_WARN_DIRECT_OBJC_ISA_USAGE = YES_ERROR;
				CLANG_WARN_DOCUMENTATION_COMMENTS = YES;
				CLANG_WARN_EMPTY_BODY = YES;
				CLANG_WARN_ENUM_CONVERSION = YES;
				CLANG_WARN_INFINITE_RECURSION = YES;
				CLANG_WARN_INT_CONVERSION = YES;
				CLANG_WARN_NON_LITERAL_NULL_CONVERSION = YES;
				CLANG_WARN_OBJC_IMPLICIT_RETAIN_SELF = YES;
				CLANG_WARN_OBJC_LITERAL_CONVERSION = YES;
				CLANG_WARN_OBJC_ROOT_CLASS = YES_ERROR;
				CLANG_WARN_QUOTED_INCLUDE_IN_FRAMEWORK_HEADER = YES;
				CLANG_WARN_RANGE_LOOP_ANALYSIS = YES;
				CLANG_WARN_STRICT_PROTOTYPES = YES;
				CLANG_WARN_SUSPICIOUS_MOVE = YES;
				CLANG_WARN_UNGUARDED_AVAILABILITY = YES_AGGRESSIVE;
				CLANG_WARN_UNREACHABLE_CODE = YES;
				CLANG_WARN__DUPLICATE_METHOD_MATCH = YES;
				COPY_PHASE_STRIP = NO;
				DEBUG_INFORMATION_FORMAT = "dwarf-with-dsym";
				DEVELOPMENT_TEAM = LR38K7HG8W;
				ENABLE_NS_ASSERTIONS = NO;
				ENABLE_STRICT_OBJC_MSGSEND = YES;
				ENABLE_USER_SCRIPT_SANDBOXING = YES;
				GCC_C_LANGUAGE_STANDARD = gnu17;
				GCC_NO_COMMON_BLOCKS = YES;
				GCC_WARN_64_TO_32_BIT_CONVERSION = YES;
				GCC_WARN_ABOUT_RETURN_TYPE = YES_ERROR;
				GCC_WARN_UNDECLARED_SELECTOR = YES;
				GCC_WARN_UNINITIALIZED_AUTOS = YES_AGGRESSIVE;
				GCC_WARN_UNUSED_FUNCTION = YES;
				GCC_WARN_UNUSED_VARIABLE = YES;
				IPHONEOS_DEPLOYMENT_TARGET = 26.0;
				LOCALIZATION_PREFERS_STRING_CATALOGS = YES;
				MTL_ENABLE_DEBUG_INFO = NO;
				MTL_FAST_MATH = YES;
				SDKROOT = iphoneos;
				SWIFT_COMPILATION_MODE = wholemodule;
				VALIDATE_PRODUCT = YES;
			};
			name = Release;
		};
		0AD53C5C2F22464000CDD5E4 /* Debug */ = {
			isa = XCBuildConfiguration;
			buildSettings = {
				ASSETCATALOG_COMPILER_APPICON_NAME = AppIcon;
				ASSETCATALOG_COMPILER_GLOBAL_ACCENT_COLOR_NAME = AccentColor;
				CLANG_ENABLE_MODULES = YES;
				CODE_SIGN_STYLE = Automatic;
				CURRENT_PROJECT_VERSION = 1;
				DEVELOPMENT_TEAM = LR38K7HG8W;
				ENABLE_PREVIEWS = YES;
				GENERATE_INFOPLIST_FILE = YES;
				INFOPLIST_KEY_UIApplicationSceneManifest_Generation = YES;
				INFOPLIST_KEY_UIApplicationSupportsIndirectInputEvents = YES;
				INFOPLIST_KEY_UILaunchScreen_Generation = YES;
				INFOPLIST_KEY_UISupportedInterfaceOrientations_iPad = "UIInterfaceOrientationPortrait UIInterfaceOrientationPortraitUpsideDown UIInterfaceOrientationLandscapeLeft UIInterfaceOrientationLandscapeRight";
				INFOPLIST_KEY_UISupportedInterfaceOrientations_iPhone = "UIInterfaceOrientationPortrait UIInterfaceOrientationLandscapeLeft UIInterfaceOrientationLandscapeRight";
				LD_RUNPATH_SEARCH_PATHS = (
					"$(inherited)",
					"@executable_path/Frameworks",
				);
				MARKETING_VERSION = 1.0;
				PRODUCT_BUNDLE_IDENTIFIER = "DS99.DLS-Lavagens";
				PRODUCT_NAME = "$(TARGET_NAME)";
				STRING_CATALOG_GENERATE_SYMBOLS = YES;
				SWIFT_APPROACHABLE_CONCURRENCY = YES;
				SWIFT_DEFAULT_ACTOR_ISOLATION = MainActor;
				SWIFT_EMIT_LOC_STRINGS = YES;
				SWIFT_OBJC_BRIDGING_HEADER = "DLS Lavagens/Views/Lavagens/DLS Lavagens-Bridging-Header.h";
				SWIFT_OPTIMIZATION_LEVEL = "-Onone";
				SWIFT_UPCOMING_FEATURE_MEMBER_IMPORT_VISIBILITY = YES;
				SWIFT_VERSION = 5.0;
				TARGETED_DEVICE_FAMILY = "1,2";
			};
			name = Debug;
		};
		0AD53C5D2F22464000CDD5E4 /* Release */ = {
			isa = XCBuildConfiguration;
			buildSettings = {
				ASSETCATALOG_COMPILER_APPICON_NAME = AppIcon;
				ASSETCATALOG_COMPILER_GLOBAL_ACCENT_COLOR_NAME = AccentColor;
				CLANG_ENABLE_MODULES = YES;
				CODE_SIGN_STYLE = Automatic;
				CURRENT_PROJECT_VERSION = 1;
				DEVELOPMENT_TEAM = LR38K7HG8W;
				ENABLE_PREVIEWS = YES;
				GENERATE_INFOPLIST_FILE = YES;
				INFOPLIST_KEY_UIApplicationSceneManifest_Generation = YES;
				INFOPLIST_KEY_UIApplicationSupportsIndirectInputEvents = YES;
				INFOPLIST_KEY_UILaunchScreen_Generation = YES;
				INFOPLIST_KEY_UISupportedInterfaceOrientations_iPad = "UIInterfaceOrientationPortrait UIInterfaceOrientationPortraitUpsideDown UIInterfaceOrientationLandscapeLeft UIInterfaceOrientationLandscapeRight";
				INFOPLIST_KEY_UISupportedInterfaceOrientations_iPhone = "UIInterfaceOrientationPortrait UIInterfaceOrientationLandscapeLeft UIInterfaceOrientationLandscapeRight";
				LD_RUNPATH_SEARCH_PATHS = (
					"$(inherited)",
					"@executable_path/Frameworks",
				);
				MARKETING_VERSION = 1.0;
				PRODUCT_BUNDLE_IDENTIFIER = "DS99.DLS-Lavagens";
				PRODUCT_NAME = "$(TARGET_NAME)";
				STRING_CATALOG_GENERATE_SYMBOLS = YES;
				SWIFT_APPROACHABLE_CONCURRENCY = YES;
				SWIFT_DEFAULT_ACTOR_ISOLATION = MainActor;
				SWIFT_EMIT_LOC_STRINGS = YES;
				SWIFT_OBJC_BRIDGING_HEADER = "DLS Lavagens/Views/Lavagens/DLS Lavagens-Bridging-Header.h";
				SWIFT_UPCOMING_FEATURE_MEMBER_IMPORT_VISIBILITY = YES;
				SWIFT_VERSION = 5.0;
				TARGETED_DEVICE_FAMILY = "1,2";
			};
			name = Release;
		};
		0AD53C5F2F22464000CDD5E4 /* Debug */ = {
			isa = XCBuildConfiguration;
			buildSettings = {
				BUNDLE_LOADER = "$(TEST_HOST)";
				CODE_SIGN_STYLE = Automatic;
				CURRENT_PROJECT_VERSION = 1;
				DEVELOPMENT_TEAM = LR38K7HG8W;
				GENERATE_INFOPLIST_FILE = YES;
				IPHONEOS_DEPLOYMENT_TARGET = 26.0;
				MARKETING_VERSION = 1.0;
				PRODUCT_BUNDLE_IDENTIFIER = "DS99.DLS-LavagensTests";
				PRODUCT_NAME = "$(TARGET_NAME)";
				STRING_CATALOG_GENERATE_SYMBOLS = NO;
				SWIFT_APPROACHABLE_CONCURRENCY = YES;
				SWIFT_EMIT_LOC_STRINGS = NO;
				SWIFT_UPCOMING_FEATURE_MEMBER_IMPORT_VISIBILITY = YES;
				SWIFT_VERSION = 5.0;
				TARGETED_DEVICE_FAMILY = "1,2";
				TEST_HOST = "$(BUILT_PRODUCTS_DIR)/DLS Lavagens.app/$(BUNDLE_EXECUTABLE_FOLDER_PATH)/DLS Lavagens";
			};
			name = Debug;
		};
		0AD53C602F22464000CDD5E4 /* Release */ = {
			isa = XCBuildConfiguration;
			buildSettings = {
				BUNDLE_LOADER = "$(TEST_HOST)";
				CODE_SIGN_STYLE = Automatic;
				CURRENT_PROJECT_VERSION = 1;
				DEVELOPMENT_TEAM = LR38K7HG8W;
				GENERATE_INFOPLIST_FILE = YES;
				IPHONEOS_DEPLOYMENT_TARGET = 26.0;
				MARKETING_VERSION = 1.0;
				PRODUCT_BUNDLE_IDENTIFIER = "DS99.DLS-LavagensTests";
				PRODUCT_NAME = "$(TARGET_NAME)";
				STRING_CATALOG_GENERATE_SYMBOLS = NO;
				SWIFT_APPROACHABLE_CONCURRENCY = YES;
				SWIFT_EMIT_LOC_STRINGS = NO;
				SWIFT_UPCOMING_FEATURE_MEMBER_IMPORT_VISIBILITY = YES;
				SWIFT_VERSION = 5.0;
				TARGETED_DEVICE_FAMILY = "1,2";
				TEST_HOST = "$(BUILT_PRODUCTS_DIR)/DLS Lavagens.app/$(BUNDLE_EXECUTABLE_FOLDER_PATH)/DLS Lavagens";
			};
			name = Release;
		};
		0AD53C622F22464000CDD5E4 /* Debug */ = {
			isa = XCBuildConfiguration;
			buildSettings = {
				CODE_SIGN_STYLE = Automatic;
				CURRENT_PROJECT_VERSION = 1;
				DEVELOPMENT_TEAM = LR38K7HG8W;
				GENERATE_INFOPLIST_FILE = YES;
				MARKETING_VERSION = 1.0;
				PRODUCT_BUNDLE_IDENTIFIER = "DS99.DLS-LavagensUITests";
				PRODUCT_NAME = "$(TARGET_NAME)";
				STRING_CATALOG_GENERATE_SYMBOLS = NO;
				SWIFT_APPROACHABLE_CONCURRENCY = YES;
				SWIFT_EMIT_LOC_STRINGS = NO;
				SWIFT_UPCOMING_FEATURE_MEMBER_IMPORT_VISIBILITY = YES;
				SWIFT_VERSION = 5.0;
				TARGETED_DEVICE_FAMILY = "1,2";
				TEST_TARGET_NAME = "DLS Lavagens";
			};
			name = Debug;
		};
		0AD53C632F22464000CDD5E4 /* Release */ = {
			isa = XCBuildConfiguration;
			buildSettings = {
				CODE_SIGN_STYLE = Automatic;
				CURRENT_PROJECT_VERSION = 1;
				DEVELOPMENT_TEAM = LR38K7HG8W;
				GENERATE_INFOPLIST_FILE = YES;
				MARKETING_VERSION = 1.0;
				PRODUCT_BUNDLE_IDENTIFIER = "DS99.DLS-LavagensUITests";
				PRODUCT_NAME = "$(TARGET_NAME)";
				STRING_CATALOG_GENERATE_SYMBOLS = NO;
				SWIFT_APPROACHABLE_CONCURRENCY = YES;
				SWIFT_EMIT_LOC_STRINGS = NO;
				SWIFT_UPCOMING_FEATURE_MEMBER_IMPORT_VISIBILITY = YES;
				SWIFT_VERSION = 5.0;
				TARGETED_DEVICE_FAMILY = "1,2";
				TEST_TARGET_NAME = "DLS Lavagens";
			};
			name = Release;
		};
/* End XCBuildConfiguration section */

/* Begin XCConfigurationList section */
		0AD53C352F22463F00CDD5E4 /* Build configuration list for PBXProject "DLS Lavagens" */ = {
			isa = XCConfigurationList;
			buildConfigurations = (
				0AD53C592F22464000CDD5E4 /* Debug */,
				0AD53C5A2F22464000CDD5E4 /* Release */,
			);
			defaultConfigurationIsVisible = 0;
			defaultConfigurationName = Release;
		};
		0AD53C5B2F22464000CDD5E4 /* Build configuration list for PBXNativeTarget "DLS Lavagens" */ = {
			isa = XCConfigurationList;
			buildConfigurations = (
				0AD53C5C2F22464000CDD5E4 /* Debug */,
				0AD53C5D2F22464000CDD5E4 /* Release */,
			);
			defaultConfigurationIsVisible = 0;
			defaultConfigurationName = Release;
		};
		0AD53C5E2F22464000CDD5E4 /* Build configuration list for PBXNativeTarget "DLS LavagensTests" */ = {
			isa = XCConfigurationList;
			buildConfigurations = (
				0AD53C5F2F22464000CDD5E4 /* Debug */,
				0AD53C602F22464000CDD5E4 /* Release */,
			);
			defaultConfigurationIsVisible = 0;
			defaultConfigurationName = Release;
		};
		0AD53C612F22464000CDD5E4 /* Build configuration list for PBXNativeTarget "DLS LavagensUITests" */ = {
			isa = XCConfigurationList;
			buildConfigurations = (
				0AD53C622F22464000CDD5E4 /* Debug */,
				0AD53C632F22464000CDD5E4 /* Release */,
			);
			defaultConfigurationIsVisible = 0;
			defaultConfigurationName = Release;
		};
/* End XCConfigurationList section */

/* Begin XCRemoteSwiftPackageReference section */
		0AD53C932F224C4900CDD5E4 /* XCRemoteSwiftPackageReference "firebase-ios-sdk" */ = {
			isa = XCRemoteSwiftPackageReference;
			repositoryURL = "https://github.com/firebase/firebase-ios-sdk";
			requirement = {
				kind = upToNextMajorVersion;
				minimumVersion = 12.8.0;
			};
		};
/* End XCRemoteSwiftPackageReference section */

/* Begin XCSwiftPackageProductDependency section */
		0AD53C942F224C4900CDD5E4 /* FirebaseAnalytics */ = {
			isa = XCSwiftPackageProductDependency;
			package = 0AD53C932F224C4900CDD5E4 /* XCRemoteSwiftPackageReference "firebase-ios-sdk" */;
			productName = FirebaseAnalytics;
		};
		0AD53C992F224DEB00CDD5E4 /* FirebaseFirestore */ = {
			isa = XCSwiftPackageProductDependency;
			package = 0AD53C932F224C4900CDD5E4 /* XCRemoteSwiftPackageReference "firebase-ios-sdk" */;
			productName = FirebaseFirestore;
		};
/* End XCSwiftPackageProductDependency section */
	};
	rootObject = 0AD53C322F22463F00CDD5E4 /* Project object */;
}
